
Microsoft Visual Studio Solution File, Format Version 12.00
Project("{FAE04EC0-301F-11D3-BF4B-00C04F79EFBC}") = "TheAggregate.Test", "TheAggregate.Test\TheAggregate.Test.csproj", "{6ABF627C-AB4A-4AB3-BC18-4F3923890EDD}"
EndProject
Project("{FAE04EC0-301F-11D3-BF4B-00C04F79EFBC}") = "TheAggregate.Shared", "TheAggregate.Shared\TheAggregate.Shared.csproj", "{CFD6C3BE-4CFD-41A3-8CCE-F01D16AB6283}"
EndProject
Project("{FAE04EC0-301F-11D3-BF4B-00C04F79EFBC}") = "TheAggregate.Api", "TheAggregate.Api\TheAggregate.Api.csproj", "{4894D773-C2E6-442A-9B3A-618DD4A96194}"
EndProject
Global
	GlobalSection(SolutionConfigurationPlatforms) = preSolution
		Debug|Any CPU = Debug|Any CPU
		Release|Any CPU = Release|Any CPU
	EndGlobalSection
	GlobalSection(ProjectConfigurationPlatforms) = postSolution
		{6ABF627C-AB4A-4AB3-BC18-4F3923890EDD}.Debug|Any CPU.ActiveCfg = Debug|Any CPU
		{6ABF627C-AB4A-4AB3-BC18-4F3923890EDD}.Debug|Any CPU.Build.0 = Debug|Any CPU
		{6ABF627C-AB4A-4AB3-BC18-4F3923890EDD}.Release|Any CPU.ActiveCfg = Release|Any CPU
		{6ABF627C-AB4A-4AB3-BC18-4F3923890EDD}.Release|Any CPU.Build.0 = Release|Any CPU
		{CFD6C3BE-4CFD-41A3-8CCE-F01D16AB6283}.Debug|Any CPU.ActiveCfg = Debug|Any CPU
		{CFD6C3BE-4CFD-41A3-8CCE-F01D16AB6283}.Debug|Any CPU.Build.0 = Debug|Any CPU
		{CFD6C3BE-4CFD-41A3-8CCE-F01D16AB6283}.Release|Any CPU.ActiveCfg = Release|Any CPU
		{CFD6C3BE-4CFD-41A3-8CCE-F01D16AB6283}.Release|Any CPU.Build.0 = Release|Any CPU
		{4894D773-C2E6-442A-9B3A-618DD4A96194}.Debug|Any CPU.ActiveCfg = Debug|Any CPU
		{4894D773-C2E6-442A-9B3A-618DD4A96194}.Debug|Any CPU.Build.0 = Debug|Any CPU
		{4894D773-C2E6-442A-9B3A-618DD4A96194}.Release|Any CPU.ActiveCfg = Release|Any CPU
		{4894D773-C2E6-442A-9B3A-618DD4A96194}.Release|Any CPU.Build.0 = Release|Any CPU
	EndGlobalSection
EndGlobal
